# THIS IS AN AUTOGENERATED FILE. DO NOT EDIT THIS FILE DIRECTLY.
# yarn lockfile v1


pleasant-logs@^0.2.4:
  version "0.2.4"
  resolved "https://registry.yarnpkg.com/pleasant-logs/-/pleasant-logs-0.2.4.tgz#d274e62cee17ad134a94b0b3d4a450222f061a36"
  integrity sha512-+BmE2stTNUyTfZuVsUyG4WI8Z/rB8J2jisijcz2D7LYn6JOoVIXmhmIXlMq0o4ukDnxsaM/lt0t2wny8tg2BGg==
